
Microsoft Visual Studio Solution File, Format Version 12.00
# Visual Studio Version 17
VisualStudioVersion = 17.5.33530.505
MinimumVisualStudioVersion = 10.0.40219.1
Project("{2150E333-8FDC-42A3-9474-1A3956D46DE8}") = "gateway", "gateway", "{E4331029-B39C-417F-A366-2143B25BD5A8}"
EndProject
Project("{2150E333-8FDC-42A3-9474-1A3956D46DE8}") = "category", "category", "{23EDFF1A-28B1-4AD8-B4E6-0F96BF1C1245}"
EndProject
Project("{2150E333-8FDC-42A3-9474-1A3956D46DE8}") = "product", "product", "{E15EF418-4C54-4CC6-86F0-B549644930E9}"
EndProject
Project("{2150E333-8FDC-42A3-9474-1A3956D46DE8}") = "cart", "cart", "{C9580E14-17B5-430B-8E51-F17C0FD04280}"
EndProject
Project("{2150E333-8FDC-42A3-9474-1A3956D46DE8}") = "order", "order", "{CF289041-8DD0-4773-A36F-E66671C97DE0}"
EndProject
Project("{2150E333-8FDC-42A3-9474-1A3956D46DE8}") = "payment", "payment", "{CB0CB3A6-9081-498E-A8DC-FD73E192830D}"
EndProject
Project("{2150E333-8FDC-42A3-9474-1A3956D46DE8}") = "shared", "shared", "{B82313A5-ADC2-4735-80E7-F8EB65A6BFB8}"
EndProject
Project("{9A19103F-16F7-4668-BE54-9A1E7A4F7556}") = "OnlineShop.Cart.Api", "OnlineShop.Cart.Api\OnlineShop.Cart.Api.csproj", "{403B7320-F998-4ECB-8C00-531390675BFE}"
EndProject
Project("{9A19103F-16F7-4668-BE54-9A1E7A4F7556}") = "OnlineShop.Category.Api", "OnlineShop.Category.Api\OnlineShop.Category.Api.csproj", "{C82AE735-88FC-48AA-B258-7B38B9CC1481}"
EndProject
Project("{9A19103F-16F7-4668-BE54-9A1E7A4F7556}") = "OnlineShop.Order.Api", "Order/OnlineShop.Order.Api\OnlineShop.Order.Api.csproj", "{91D87F8D-F296-4E88-B6F1-66D6440EAB60}"
EndProject
Project("{9A19103F-16F7-4668-BE54-9A1E7A4F7556}") = "OnlineShop.Payment.Api", "OnlineShop.Payment.Api\OnlineShop.Payment.Api.csproj", "{863EC427-3B27-4E4F-900F-9AFECDC0C1D7}"
EndProject
Project("{9A19103F-16F7-4668-BE54-9A1E7A4F7556}") = "OnlineShop.Product.Api", "OnlineShop.Product.Api\OnlineShop.Product.Api.csproj", "{96DDEDB1-0D79-47CD-B416-77DCB0D87774}"
EndProject
Project("{9A19103F-16F7-4668-BE54-9A1E7A4F7556}") = "OnlineShop.Infrastructure.RabbitMq", "infrastructure\OnlineShop.Infrastructure.RabbitMq\OnlineShop.Infrastructure.RabbitMq.csproj", "{AB46675E-55B7-4847-9283-430DFDE63CD9}"
EndProject
Project("{9A19103F-16F7-4668-BE54-9A1E7A4F7556}") = "OnlineShop.Infrastructure.Bus", "infrastructure\OnlineShop.Infrastructure.Bus\OnlineShop.Infrastructure.Bus.csproj", "{7A9626C1-2EFE-4FFF-97D4-BEFCCB5AD4BD}"
EndProject
Project("{9A19103F-16F7-4668-BE54-9A1E7A4F7556}") = "OnlineShop.Shared.Common", "shared\OnlineShop.Shared.Common\OnlineShop.Shared.Common.csproj", "{190B2693-0371-4AA3-90DF-D9771376858E}"
EndProject
Project("{2150E333-8FDC-42A3-9474-1A3956D46DE8}") = "infrastructure", "infrastructure", "{D319E2F5-8671-4B9A-A24C-F48E8DEB9736}"
EndProject
Project("{9A19103F-16F7-4668-BE54-9A1E7A4F7556}") = "OnlineShop.Infrastructure.EntityFrameworkCore", "infrastructure\OnlineShop.Infrastructure.EntityFrameworkCore\OnlineShop.Infrastructure.EntityFrameworkCore.csproj", "{FE9F03FB-AA9D-4E88-BB3D-E52122ED8DDB}"
EndProject
Project("{9A19103F-16F7-4668-BE54-9A1E7A4F7556}") = "ApiGateway", "gateway\ApiGateway\ApiGateway.csproj", "{FE44492C-6A5A-4108-A339-12796BA7016C}"
EndProject
Project("{FAE04EC0-301F-11D3-BF4B-00C04F79EFBC}") = "OnlineShop.Order.EntityFrameworkCore", "order\OnlineShop.Order.EntityFrameworkCore\OnlineShop.Order.EntityFrameworkCore.csproj", "{2320DEF2-0B15-4C5E-AA96-590300398069}"
EndProject
Global
	GlobalSection(SolutionConfigurationPlatforms) = preSolution
		Debug|Any CPU = Debug|Any CPU
		Release|Any CPU = Release|Any CPU
	EndGlobalSection
	GlobalSection(ProjectConfigurationPlatforms) = postSolution
		{403B7320-F998-4ECB-8C00-531390675BFE}.Debug|Any CPU.ActiveCfg = Debug|Any CPU
		{403B7320-F998-4ECB-8C00-531390675BFE}.Debug|Any CPU.Build.0 = Debug|Any CPU
		{403B7320-F998-4ECB-8C00-531390675BFE}.Release|Any CPU.ActiveCfg = Release|Any CPU
		{403B7320-F998-4ECB-8C00-531390675BFE}.Release|Any CPU.Build.0 = Release|Any CPU
		{C82AE735-88FC-48AA-B258-7B38B9CC1481}.Debug|Any CPU.ActiveCfg = Debug|Any CPU
		{C82AE735-88FC-48AA-B258-7B38B9CC1481}.Debug|Any CPU.Build.0 = Debug|Any CPU
		{C82AE735-88FC-48AA-B258-7B38B9CC1481}.Release|Any CPU.ActiveCfg = Release|Any CPU
		{C82AE735-88FC-48AA-B258-7B38B9CC1481}.Release|Any CPU.Build.0 = Release|Any CPU
		{91D87F8D-F296-4E88-B6F1-66D6440EAB60}.Debug|Any CPU.ActiveCfg = Debug|Any CPU
		{91D87F8D-F296-4E88-B6F1-66D6440EAB60}.Debug|Any CPU.Build.0 = Debug|Any CPU
		{91D87F8D-F296-4E88-B6F1-66D6440EAB60}.Release|Any CPU.ActiveCfg = Release|Any CPU
		{91D87F8D-F296-4E88-B6F1-66D6440EAB60}.Release|Any CPU.Build.0 = Release|Any CPU
		{863EC427-3B27-4E4F-900F-9AFECDC0C1D7}.Debug|Any CPU.ActiveCfg = Debug|Any CPU
		{863EC427-3B27-4E4F-900F-9AFECDC0C1D7}.Debug|Any CPU.Build.0 = Debug|Any CPU
		{863EC427-3B27-4E4F-900F-9AFECDC0C1D7}.Release|Any CPU.ActiveCfg = Release|Any CPU
		{863EC427-3B27-4E4F-900F-9AFECDC0C1D7}.Release|Any CPU.Build.0 = Release|Any CPU
		{96DDEDB1-0D79-47CD-B416-77DCB0D87774}.Debug|Any CPU.ActiveCfg = Debug|Any CPU
		{96DDEDB1-0D79-47CD-B416-77DCB0D87774}.Debug|Any CPU.Build.0 = Debug|Any CPU
		{96DDEDB1-0D79-47CD-B416-77DCB0D87774}.Release|Any CPU.ActiveCfg = Release|Any CPU
		{96DDEDB1-0D79-47CD-B416-77DCB0D87774}.Release|Any CPU.Build.0 = Release|Any CPU
		{AB46675E-55B7-4847-9283-430DFDE63CD9}.Debug|Any CPU.ActiveCfg = Debug|Any CPU
		{AB46675E-55B7-4847-9283-430DFDE63CD9}.Debug|Any CPU.Build.0 = Debug|Any CPU
		{AB46675E-55B7-4847-9283-430DFDE63CD9}.Release|Any CPU.ActiveCfg = Release|Any CPU
		{AB46675E-55B7-4847-9283-430DFDE63CD9}.Release|Any CPU.Build.0 = Release|Any CPU
		{7A9626C1-2EFE-4FFF-97D4-BEFCCB5AD4BD}.Debug|Any CPU.ActiveCfg = Debug|Any CPU
		{7A9626C1-2EFE-4FFF-97D4-BEFCCB5AD4BD}.Debug|Any CPU.Build.0 = Debug|Any CPU
		{7A9626C1-2EFE-4FFF-97D4-BEFCCB5AD4BD}.Release|Any CPU.ActiveCfg = Release|Any CPU
		{7A9626C1-2EFE-4FFF-97D4-BEFCCB5AD4BD}.Release|Any CPU.Build.0 = Release|Any CPU
		{190B2693-0371-4AA3-90DF-D9771376858E}.Debug|Any CPU.ActiveCfg = Debug|Any CPU
		{190B2693-0371-4AA3-90DF-D9771376858E}.Debug|Any CPU.Build.0 = Debug|Any CPU
		{190B2693-0371-4AA3-90DF-D9771376858E}.Release|Any CPU.ActiveCfg = Release|Any CPU
		{190B2693-0371-4AA3-90DF-D9771376858E}.Release|Any CPU.Build.0 = Release|Any CPU
		{FE9F03FB-AA9D-4E88-BB3D-E52122ED8DDB}.Debug|Any CPU.ActiveCfg = Debug|Any CPU
		{FE9F03FB-AA9D-4E88-BB3D-E52122ED8DDB}.Debug|Any CPU.Build.0 = Debug|Any CPU
		{FE9F03FB-AA9D-4E88-BB3D-E52122ED8DDB}.Release|Any CPU.ActiveCfg = Release|Any CPU
		{FE9F03FB-AA9D-4E88-BB3D-E52122ED8DDB}.Release|Any CPU.Build.0 = Release|Any CPU
		{FE44492C-6A5A-4108-A339-12796BA7016C}.Debug|Any CPU.ActiveCfg = Debug|Any CPU
		{FE44492C-6A5A-4108-A339-12796BA7016C}.Debug|Any CPU.Build.0 = Debug|Any CPU
		{FE44492C-6A5A-4108-A339-12796BA7016C}.Release|Any CPU.ActiveCfg = Release|Any CPU
		{FE44492C-6A5A-4108-A339-12796BA7016C}.Release|Any CPU.Build.0 = Release|Any CPU
		{2320DEF2-0B15-4C5E-AA96-590300398069}.Debug|Any CPU.ActiveCfg = Debug|Any CPU
		{2320DEF2-0B15-4C5E-AA96-590300398069}.Debug|Any CPU.Build.0 = Debug|Any CPU
		{2320DEF2-0B15-4C5E-AA96-590300398069}.Release|Any CPU.ActiveCfg = Release|Any CPU
		{2320DEF2-0B15-4C5E-AA96-590300398069}.Release|Any CPU.Build.0 = Release|Any CPU
	EndGlobalSection
	GlobalSection(SolutionProperties) = preSolution
		HideSolutionNode = FALSE
	EndGlobalSection
	GlobalSection(NestedProjects) = preSolution
		{403B7320-F998-4ECB-8C00-531390675BFE} = {C9580E14-17B5-430B-8E51-F17C0FD04280}
		{C82AE735-88FC-48AA-B258-7B38B9CC1481} = {23EDFF1A-28B1-4AD8-B4E6-0F96BF1C1245}
		{91D87F8D-F296-4E88-B6F1-66D6440EAB60} = {CF289041-8DD0-4773-A36F-E66671C97DE0}
		{863EC427-3B27-4E4F-900F-9AFECDC0C1D7} = {CB0CB3A6-9081-498E-A8DC-FD73E192830D}
		{96DDEDB1-0D79-47CD-B416-77DCB0D87774} = {E15EF418-4C54-4CC6-86F0-B549644930E9}
		{AB46675E-55B7-4847-9283-430DFDE63CD9} = {D319E2F5-8671-4B9A-A24C-F48E8DEB9736}
		{7A9626C1-2EFE-4FFF-97D4-BEFCCB5AD4BD} = {D319E2F5-8671-4B9A-A24C-F48E8DEB9736}
		{190B2693-0371-4AA3-90DF-D9771376858E} = {B82313A5-ADC2-4735-80E7-F8EB65A6BFB8}
		{FE9F03FB-AA9D-4E88-BB3D-E52122ED8DDB} = {D319E2F5-8671-4B9A-A24C-F48E8DEB9736}
		{FE44492C-6A5A-4108-A339-12796BA7016C} = {E4331029-B39C-417F-A366-2143B25BD5A8}
		{2320DEF2-0B15-4C5E-AA96-590300398069} = {CF289041-8DD0-4773-A36F-E66671C97DE0}
	EndGlobalSection
	GlobalSection(ExtensibilityGlobals) = postSolution
		SolutionGuid = {352CC363-923A-4858-B917-28C06BD7281C}
	EndGlobalSection
EndGlobal
